
Microsoft Visual Studio Solution File, Format Version 12.00
# Visual Studio Version 17
VisualStudioVersion = 17.4.33403.182
MinimumVisualStudioVersion = 10.0.40219.1
Project("{FAE04EC0-301F-11D3-BF4B-00C04F79EFBC}") = "Tasarım2", "Tasarım2\Tasarım2.csproj", "{8B12DBEB-5DEE-4FF6-873A-2CB8583E4EA0}"
EndProject
Global
	GlobalSection(SolutionConfigurationPlatforms) = preSolution
		Debug|Any CPU = Debug|Any CPU
		Release|Any CPU = Release|Any CPU
	EndGlobalSection
	GlobalSection(ProjectConfigurationPlatforms) = postSolution
		{8B12DBEB-5DEE-4FF6-873A-2CB8583E4EA0}.Debug|Any CPU.ActiveCfg = Debug|Any CPU
		{8B12DBEB-5DEE-4FF6-873A-2CB8583E4EA0}.Debug|Any CPU.Build.0 = Debug|Any CPU
		{8B12DBEB-5DEE-4FF6-873A-2CB8583E4EA0}.Release|Any CPU.ActiveCfg = Release|Any CPU
		{8B12DBEB-5DEE-4FF6-873A-2CB8583E4EA0}.Release|Any CPU.Build.0 = Release|Any CPU
	EndGlobalSection
	GlobalSection(SolutionProperties) = preSolution
		HideSolutionNode = FALSE
	EndGlobalSection
	GlobalSection(ExtensibilityGlobals) = postSolution
		SolutionGuid = {E00497C7-1F25-4DBF-98B9-72B5778496A9}
	EndGlobalSection
EndGlobal
